
Microsoft Visual Studio Solution File, Format Version 12.00
# Visual Studio 15
VisualStudioVersion = 15.0.28307.572
MinimumVisualStudioVersion = 10.0.40219.1
Project("{FAE04EC0-301F-11D3-BF4B-00C04F79EFBC}") = "WillMVC5Homework1", "WillMVC5Homework1\WillMVC5Homework1.csproj", "{664B4D05-F97F-4B5A-AFB0-35461A582D25}"
EndProject
Global
	GlobalSection(SolutionConfigurationPlatforms) = preSolution
		Debug|Any CPU = Debug|Any CPU
		Release|Any CPU = Release|Any CPU
	EndGlobalSection
	GlobalSection(ProjectConfigurationPlatforms) = postSolution
		{664B4D05-F97F-4B5A-AFB0-35461A582D25}.Debug|Any CPU.ActiveCfg = Debug|Any CPU
		{664B4D05-F97F-4B5A-AFB0-35461A582D25}.Debug|Any CPU.Build.0 = Debug|Any CPU
		{664B4D05-F97F-4B5A-AFB0-35461A582D25}.Release|Any CPU.ActiveCfg = Release|Any CPU
		{664B4D05-F97F-4B5A-AFB0-35461A582D25}.Release|Any CPU.Build.0 = Release|Any CPU
	EndGlobalSection
	GlobalSection(SolutionProperties) = preSolution
		HideSolutionNode = FALSE
	EndGlobalSection
	GlobalSection(ExtensibilityGlobals) = postSolution
		SolutionGuid = {BA529A85-7DF0-4560-AC3C-131E9E3C4348}
	EndGlobalSection
EndGlobal
